
Microsoft Visual Studio Solution File, Format Version 12.00
# Visual Studio Version 16
VisualStudioVersion = 16.0.32002.261
MinimumVisualStudioVersion = 10.0.40219.1
Project("{9A19103F-16F7-4668-BE54-9A1E7A4F7556}") = "IPTVEditor", "IPTVEditor.csproj", "{49453408-7014-47BF-A8B9-47C788AB0BF8}"
EndProject
Project("{FAE04EC0-301F-11D3-BF4B-00C04F79EFBC}") = "IPTVEditorTests", "..\IPTVEditorTests\IPTVEditorTests.csproj", "{94D5367D-092B-47CB-B1EB-7DDAD738BECB}"
EndProject
Global
	GlobalSection(SolutionConfigurationPlatforms) = preSolution
		Debug|Any CPU = Debug|Any CPU
		Release|Any CPU = Release|Any CPU
	EndGlobalSection
	GlobalSection(ProjectConfigurationPlatforms) = postSolution
		{49453408-7014-47BF-A8B9-47C788AB0BF8}.Debug|Any CPU.ActiveCfg = Debug|Any CPU
		{49453408-7014-47BF-A8B9-47C788AB0BF8}.Debug|Any CPU.Build.0 = Debug|Any CPU
		{49453408-7014-47BF-A8B9-47C788AB0BF8}.Release|Any CPU.ActiveCfg = Release|Any CPU
		{49453408-7014-47BF-A8B9-47C788AB0BF8}.Release|Any CPU.Build.0 = Release|Any CPU
		{94D5367D-092B-47CB-B1EB-7DDAD738BECB}.Debug|Any CPU.ActiveCfg = Debug|Any CPU
		{94D5367D-092B-47CB-B1EB-7DDAD738BECB}.Debug|Any CPU.Build.0 = Debug|Any CPU
		{94D5367D-092B-47CB-B1EB-7DDAD738BECB}.Release|Any CPU.ActiveCfg = Release|Any CPU
		{94D5367D-092B-47CB-B1EB-7DDAD738BECB}.Release|Any CPU.Build.0 = Release|Any CPU
	EndGlobalSection
	GlobalSection(SolutionProperties) = preSolution
		HideSolutionNode = FALSE
	EndGlobalSection
	GlobalSection(ExtensibilityGlobals) = postSolution
		SolutionGuid = {9626613B-3DB3-40EB-9EDC-527A7A5C22D5}
	EndGlobalSection
EndGlobal
